
Microsoft Visual Studio Solution File, Format Version 12.00
# Visual Studio Version 17
VisualStudioVersion = 17.11.35312.102
MinimumVisualStudioVersion = 10.0.40219.1
Project("{FAE04EC0-301F-11D3-BF4B-00C04F79EFBC}") = "WebApplication20240925", "WebApplication20240925\WebApplication20240925.csproj", "{6DED2610-8A5B-4D4C-906E-8F29E954B2B7}"
EndProject
Global
	GlobalSection(SolutionConfigurationPlatforms) = preSolution
		Debug|Any CPU = Debug|Any CPU
		Release|Any CPU = Release|Any CPU
	EndGlobalSection
	GlobalSection(ProjectConfigurationPlatforms) = postSolution
		{6DED2610-8A5B-4D4C-906E-8F29E954B2B7}.Debug|Any CPU.ActiveCfg = Debug|Any CPU
		{6DED2610-8A5B-4D4C-906E-8F29E954B2B7}.Debug|Any CPU.Build.0 = Debug|Any CPU
		{6DED2610-8A5B-4D4C-906E-8F29E954B2B7}.Release|Any CPU.ActiveCfg = Release|Any CPU
		{6DED2610-8A5B-4D4C-906E-8F29E954B2B7}.Release|Any CPU.Build.0 = Release|Any CPU
	EndGlobalSection
	GlobalSection(SolutionProperties) = preSolution
		HideSolutionNode = FALSE
	EndGlobalSection
	GlobalSection(ExtensibilityGlobals) = postSolution
		SolutionGuid = {EBD59D05-B916-417F-97AD-6A7065B30F03}
	EndGlobalSection
EndGlobal
